
Microsoft Visual Studio Solution File, Format Version 12.00
# Visual Studio 15
VisualStudioVersion = 15.0.27703.2035
MinimumVisualStudioVersion = 10.0.40219.1
Project("{FAE04EC0-301F-11D3-BF4B-00C04F79EFBC}") = "AngularWithMvc", "AngularWithMvc\AngularWithMvc.csproj", "{22703BE7-3AE1-4BA2-8E08-E8CB3560718C}"
EndProject
Global
	GlobalSection(SolutionConfigurationPlatforms) = preSolution
		Debug|Any CPU = Debug|Any CPU
		Release|Any CPU = Release|Any CPU
	EndGlobalSection
	GlobalSection(ProjectConfigurationPlatforms) = postSolution
		{22703BE7-3AE1-4BA2-8E08-E8CB3560718C}.Debug|Any CPU.ActiveCfg = Debug|Any CPU
		{22703BE7-3AE1-4BA2-8E08-E8CB3560718C}.Debug|Any CPU.Build.0 = Debug|Any CPU
		{22703BE7-3AE1-4BA2-8E08-E8CB3560718C}.Release|Any CPU.ActiveCfg = Release|Any CPU
		{22703BE7-3AE1-4BA2-8E08-E8CB3560718C}.Release|Any CPU.Build.0 = Release|Any CPU
	EndGlobalSection
	GlobalSection(SolutionProperties) = preSolution
		HideSolutionNode = FALSE
	EndGlobalSection
	GlobalSection(ExtensibilityGlobals) = postSolution
		SolutionGuid = {14852F60-2AA6-46FA-A3D1-ADE2B9301080}
	EndGlobalSection
EndGlobal
